// !$*UTF8*$!
{
	archiveVersion = 1;
	classes = {
	};
	objectVersion = 54;
	objects = {

/* Begin PBXBuildFile section */
		0D95C6F72F4301CD008B7656 /* AppDelegate.swift in Sources */ = {isa = PBXBuildFile; fileRef = 0D95C6F62F4301CD008B7656 /* AppDelegate.swift */; };
		0D95C6F92F4301F8008B7656 /* SceneDelegate.swift in Sources */ = {isa = PBXBuildFile; fileRef = 0D95C6F82F4301F8008B7656 /* SceneDelegate.swift */; };
		0D95C6FB2F430215008B7656 /* ViewController.swift in Sources */ = {isa = PBXBuildFile; fileRef = 0D95C6FA2F430215008B7656 /* ViewController.swift */; };
		0D95C7352F431810008B7656 /* Assets.xcassets in Resources */ = {isa = PBXBuildFile; fileRef = 0D95C7342F431810008B7656 /* Assets.xcassets */; };
		0D95C73D2F432DDA008B7656 /* VaccineLocation.swift in Sources */ = {isa = PBXBuildFile; fileRef = 0D95C73C2F432DDA008B7656 /* VaccineLocation.swift */; };
		0D95C73F2F432DDA008B7656 /* VaccineAnnotationView.swift in Sources */ = {isa = PBXBuildFile; fileRef = 0D95C73E2F432DDA008B7656 /* VaccineAnnotationView.swift */; };
		0D95C7412F432DDA008B7656 /* LocationDetailView.swift in Sources */ = {isa = PBXBuildFile; fileRef = 0D95C7402F432DDA008B7656 /* LocationDetailView.swift */; };
		0D95C7432F432DDA008B7656 /* LocationCardView.swift in Sources */ = {isa = PBXBuildFile; fileRef = 0D95C7422F432DDA008B7656 /* LocationCardView.swift */; };
		0D95C74B2F432E4A008B7656 /* FilterView.swift in Sources */ = {isa = PBXBuildFile; fileRef = 0D95C74A2F432E4A008B7656 /* FilterView.swift */; };
		0D95C74D2F432EAA008B7656 /* LoadingView.swift in Sources */ = {isa = PBXBuildFile; fileRef = 0D95C74C2F432EAA008B7656 /* LoadingView.swift */; };
		0D95C7512F432F08008B7656 /* LocationListViewController.swift in Sources */ = {isa = PBXBuildFile; fileRef = 0D95C7502F432F08008B7656 /* LocationListViewController.swift */; };
/* End PBXBuildFile section */

/* Begin PBXFileReference section */
		0D95C6F62F4301CD008B7656 /* AppDelegate.swift */ = {isa = PBXFileReference; lastKnownFileType = sourcecode.swift; path = AppDelegate.swift; sourceTree = "<group>"; };
		0D95C6F82F4301F8008B7656 /* SceneDelegate.swift */ = {isa = PBXFileReference; lastKnownFileType = sourcecode.swift; path = SceneDelegate.swift; sourceTree = "<group>"; };
		0D95C6FA2F430215008B7656 /* ViewController.swift */ = {isa = PBXFileReference; lastKnownFileType = sourcecode.swift; path = ViewController.swift; sourceTree = "<group>"; };
		0D95C7342F431810008B7656 /* Assets.xcassets */ = {isa = PBXFileReference; lastKnownFileType = folder.assetcatalog; path = Assets.xcassets; sourceTree = "<group>"; };
		0D95C73C2F432DDA008B7656 /* VaccineLocation.swift */ = {isa = PBXFileReference; lastKnownFileType = sourcecode.swift; path = VaccineLocation.swift; sourceTree = "<group>"; };
		0D95C73E2F432DDA008B7656 /* VaccineAnnotationView.swift */ = {isa = PBXFileReference; lastKnownFileType = sourcecode.swift; path = VaccineAnnotationView.swift; sourceTree = "<group>"; };
		0D95C7402F432DDA008B7656 /* LocationDetailView.swift */ = {isa = PBXFileReference; lastKnownFileType = sourcecode.swift; path = LocationDetailView.swift; sourceTree = "<group>"; };
		0D95C7422F432DDA008B7656 /* LocationCardView.swift */ = {isa = PBXFileReference; lastKnownFileType = sourcecode.swift; path = LocationCardView.swift; sourceTree = "<group>"; };
		0D95C74A2F432E4A008B7656 /* FilterView.swift */ = {isa = PBXFileReference; lastKnownFileType = sourcecode.swift; path = FilterView.swift; sourceTree = "<group>"; };
		0D95C74C2F432EAA008B7656 /* LoadingView.swift */ = {isa = PBXFileReference; lastKnownFileType = sourcecode.swift; path = LoadingView.swift; sourceTree = "<group>"; };
		0D95C7502F432F08008B7656 /* LocationListViewController.swift */ = {isa = PBXFileReference; lastKnownFileType = sourcecode.swift; path = LocationListViewController.swift; sourceTree = "<group>"; };
		AC564D02263631F500896E0C /* WC Vax.app */ = {isa = PBXFileReference; explicitFileType = wrapper.application; includeInIndex = 0; path = "WC Vax.app"; sourceTree = BUILT_PRODUCTS_DIR; };
		AC564D13263631F800896E0C /* Info.plist */ = {isa = PBXFileReference; lastKnownFileType = text.plist.xml; path = Info.plist; sourceTree = "<group>"; };
/* End PBXFileReference section */

/* Begin PBXFrameworksBuildPhase section */
		AC564CFF263631F500896E0C /* Frameworks */ = {
			isa = PBXFrameworksBuildPhase;
			buildActionMask = 2147483647;
			files = (
			);
			runOnlyForDeploymentPostprocessing = 0;
		};
/* End PBXFrameworksBuildPhase section */

/* Begin PBXGroup section */
		0D95C7312F430F89008B7656 /* Frameworks */ = {
			isa = PBXGroup;
			children = (
			);
			name = Frameworks;
			sourceTree = "<group>";
		};
		AC564CF9263631F500896E0C = {
			isa = PBXGroup;
			children = (
				0D95C7342F431810008B7656 /* Assets.xcassets */,
				AC564D04263631F500896E0C /* WC Vax */,
				0D95C7312F430F89008B7656 /* Frameworks */,
				AC564D03263631F500896E0C /* Products */,
			);
			sourceTree = "<group>";
		};
		AC564D03263631F500896E0C /* Products */ = {
			isa = PBXGroup;
			children = (
				AC564D02263631F500896E0C /* WC Vax.app */,
			);
			name = Products;
			sourceTree = "<group>";
		};
		AC564D04263631F500896E0C /* WC Vax */ = {
			isa = PBXGroup;
			children = (
				0D95C6F62F4301CD008B7656 /* AppDelegate.swift */,
				0D95C6F82F4301F8008B7656 /* SceneDelegate.swift */,
				0D95C6FA2F430215008B7656 /* ViewController.swift */,
				AC564D13263631F800896E0C /* Info.plist */,
				0D95C73C2F432DDA008B7656 /* VaccineLocation.swift */,
				0D95C73E2F432DDA008B7656 /* VaccineAnnotationView.swift */,
				0D95C7402F432DDA008B7656 /* LocationDetailView.swift */,
				0D95C7502F432F08008B7656 /* LocationListViewController.swift */,
				0D95C7422F432DDA008B7656 /* LocationCardView.swift */,
				0D95C74A2F432E4A008B7656 /* FilterView.swift */,
				0D95C74C2F432EAA008B7656 /* LoadingView.swift */,
			);
			path = "WC Vax";
			sourceTree = "<group>";
		};
/* End PBXGroup section */

/* Begin PBXNativeTarget section */
		AC564D01263631F500896E0C /* WC Vax */ = {
			isa = PBXNativeTarget;
			buildConfigurationList = AC564D16263631F800896E0C /* Build configuration list for PBXNativeTarget "WC Vax" */;
			buildPhases = (
				AC564CFE263631F500896E0C /* Sources */,
				AC564CFF263631F500896E0C /* Frameworks */,
				AC564D00263631F500896E0C /* Resources */,
			);
			buildRules = (
			);
			dependencies = (
			);
			name = "WC Vax";
			productName = "WC Vax";
			productReference = AC564D02263631F500896E0C /* WC Vax.app */;
			productType = "com.apple.product-type.application";
		};
/* End PBXNativeTarget section */

/* Begin PBXProject section */
		AC564CFA263631F500896E0C /* Project object */ = {
			isa = PBXProject;
			attributes = {
				BuildIndependentTargetsInParallel = YES;
				LastSwiftUpdateCheck = 1240;
				LastUpgradeCheck = 2620;
				TargetAttributes = {
					AC564D01263631F500896E0C = {
						CreatedOnToolsVersion = 12.4;
					};
				};
			};
			buildConfigurationList = AC564CFD263631F500896E0C /* Build configuration list for PBXProject "WC Vax" */;
			compatibilityVersion = "Xcode 9.3";
			developmentRegion = en;
			hasScannedForEncodings = 0;
			knownRegions = (
				en,
				Base,
			);
			mainGroup = AC564CF9263631F500896E0C;
			productRefGroup = AC564D03263631F500896E0C /* Products */;
			projectDirPath = "";
			projectRoot = "";
			targets = (
				AC564D01263631F500896E0C /* WC Vax */,
			);
		};
/* End PBXProject section */

/* Begin PBXResourcesBuildPhase section */
		AC564D00263631F500896E0C /* Resources */ = {
			isa = PBXResourcesBuildPhase;
			buildActionMask = 2147483647;
			files = (
				0D95C7352F431810008B7656 /* Assets.xcassets in Resources */,
			);
			runOnlyForDeploymentPostprocessing = 0;
		};
/* End PBXResourcesBuildPhase section */

/* Begin PBXSourcesBuildPhase section */
		AC564CFE263631F500896E0C /* Sources */ = {
			isa = PBXSourcesBuildPhase;
			buildActionMask = 2147483647;
			files = (
				0D95C74B2F432E4A008B7656 /* FilterView.swift in Sources */,
				0D95C7432F432DDA008B7656 /* LocationCardView.swift in Sources */,
				0D95C6FB2F430215008B7656 /* ViewController.swift in Sources */,
				0D95C74D2F432EAA008B7656 /* LoadingView.swift in Sources */,
				0D95C6F72F4301CD008B7656 /* AppDelegate.swift in Sources */,
				0D95C7512F432F08008B7656 /* LocationListViewController.swift in Sources */,
				0D95C7412F432DDA008B7656 /* LocationDetailView.swift in Sources */,
				0D95C73D2F432DDA008B7656 /* VaccineLocation.swift in Sources */,
				0D95C73F2F432DDA008B7656 /* VaccineAnnotationView.swift in Sources */,
				0D95C6F92F4301F8008B7656 /* SceneDelegate.swift in Sources */,
			);
			runOnlyForDeploymentPostprocessing = 0;
		};
/* End PBXSourcesBuildPhase section */

/* Begin XCBuildConfiguration section */
		AC564D14263631F800896E0C /* Debug */ = {
			isa = XCBuildConfiguration;
			buildSettings = {
				ALWAYS_SEARCH_USER_PATHS = NO;
				ASSETCATALOG_COMPILER_GENERATE_SWIFT_ASSET_SYMBOL_EXTENSIONS = YES;
				CLANG_ANALYZER_NONNULL = YES;
				CLANG_ANALYZER_NUMBER_OBJECT_CONVERSION = YES_AGGRESSIVE;
				CLANG_CXX_LANGUAGE_STANDARD = "gnu++14";
				CLANG_CXX_LIBRARY = "libc++";
				CLANG_ENABLE_MODULES = YES;
				CLANG_ENABLE_OBJC_ARC = YES;
				CLANG_ENABLE_OBJC_WEAK = YES;
				CLANG_WARN_BLOCK_CAPTURE_AUTORELEASING = YES;
				CLANG_WARN_BOOL_CONVERSION = YES;
				CLANG_WARN_COMMA = YES;
				CLANG_WARN_CONSTANT_CONVERSION = YES;
				CLANG_WARN_DEPRECATED_OBJC_IMPLEMENTATIONS = YES;
				CLANG_WARN_DIRECT_OBJC_ISA_USAGE = YES_ERROR;
				CLANG_WARN_DOCUMENTATION_COMMENTS = YES;
				CLANG_WARN_EMPTY_BODY = YES;
				CLANG_WARN_ENUM_CONVERSION = YES;
				CLANG_WARN_INFINITE_RECURSION = YES;
				CLANG_WARN_INT_CONVERSION = YES;
				CLANG_WARN_NON_LITERAL_NULL_CONVERSION = YES;
				CLANG_WARN_OBJC_IMPLICIT_RETAIN_SELF = YES;
				CLANG_WARN_OBJC_LITERAL_CONVERSION = YES;
				CLANG_WARN_OBJC_ROOT_CLASS = YES_ERROR;
				CLANG_WARN_QUOTED_INCLUDE_IN_FRAMEWORK_HEADER = YES;
				CLANG_WARN_RANGE_LOOP_ANALYSIS = YES;
				CLANG_WARN_STRICT_PROTOTYPES = YES;
				CLANG_WARN_SUSPICIOUS_MOVE = YES;
				CLANG_WARN_UNGUARDED_AVAILABILITY = YES_AGGRESSIVE;
				CLANG_WARN_UNREACHABLE_CODE = YES;
				CLANG_WARN__DUPLICATE_METHOD_MATCH = YES;
				COPY_PHASE_STRIP = NO;
				DEBUG_INFORMATION_FORMAT = dwarf;
				DEVELOPMENT_TEAM = Q4PS2D52C3;
				ENABLE_STRICT_OBJC_MSGSEND = YES;
				ENABLE_TESTABILITY = YES;
				ENABLE_USER_SCRIPT_SANDBOXING = YES;
				GCC_C_LANGUAGE_STANDARD = gnu11;
				GCC_DYNAMIC_NO_PIC = NO;
				GCC_NO_COMMON_BLOCKS = YES;
				GCC_OPTIMIZATION_LEVEL = 0;
				GCC_PREPROCESSOR_DEFINITIONS = (
					"DEBUG=1",
					"$(inherited)",
				);
				GCC_WARN_64_TO_32_BIT_CONVERSION = YES;
				GCC_WARN_ABOUT_RETURN_TYPE = YES_ERROR;
				GCC_WARN_UNDECLARED_SELECTOR = YES;
				GCC_WARN_UNINITIALIZED_AUTOS = YES_AGGRESSIVE;
				GCC_WARN_UNUSED_FUNCTION = YES;
				GCC_WARN_UNUSED_VARIABLE = YES;
				IPHONEOS_DEPLOYMENT_TARGET = 13.2;
				MTL_ENABLE_DEBUG_INFO = INCLUDE_SOURCE;
				MTL_FAST_MATH = YES;
				ONLY_ACTIVE_ARCH = YES;
				SDKROOT = iphoneos;
				STRING_CATALOG_GENERATE_SYMBOLS = YES;
				SWIFT_ACTIVE_COMPILATION_CONDITIONS = DEBUG;
				SWIFT_OPTIMIZATION_LEVEL = "-Onone";
			};
			name = Debug;
		};
		AC564D15263631F800896E0C /* Release */ = {
			isa = XCBuildConfiguration;
			buildSettings = {
				ALWAYS_SEARCH_USER_PATHS = NO;
				ASSETCATALOG_COMPILER_GENERATE_SWIFT_ASSET_SYMBOL_EXTENSIONS = YES;
				CLANG_ANALYZER_NONNULL = YES;
				CLANG_ANALYZER_NUMBER_OBJECT_CONVERSION = YES_AGGRESSIVE;
				CLANG_CXX_LANGUAGE_STANDARD = "gnu++14";
				CLANG_CXX_LIBRARY = "libc++";
				CLANG_ENABLE_MODULES = YES;
				CLANG_ENABLE_OBJC_ARC = YES;
				CLANG_ENABLE_OBJC_WEAK = YES;
				CLANG_WARN_BLOCK_CAPTURE_AUTORELEASING = YES;
				CLANG_WARN_BOOL_CONVERSION = YES;
				CLANG_WARN_COMMA = YES;
				CLANG_WARN_CONSTANT_CONVERSION = YES;
				CLANG_WARN_DEPRECATED_OBJC_IMPLEMENTATIONS = YES;
				CLANG_WARN_DIRECT_OBJC_ISA_USAGE = YES_ERROR;
				CLANG_WARN_DOCUMENTATION_COMMENTS = YES;
				CLANG_WARN_EMPTY_BODY = YES;
				CLANG_WARN_ENUM_CONVERSION = YES;
				CLANG_WARN_INFINITE_RECURSION = YES;
				CLANG_WARN_INT_CONVERSION = YES;
				CLANG_WARN_NON_LITERAL_NULL_CONVERSION = YES;
				CLANG_WARN_OBJC_IMPLICIT_RETAIN_SELF = YES;
				CLANG_WARN_OBJC_LITERAL_CONVERSION = YES;
				CLANG_WARN_OBJC_ROOT_CLASS = YES_ERROR;
				CLANG_WARN_QUOTED_INCLUDE_IN_FRAMEWORK_HEADER = YES;
				CLANG_WARN_RANGE_LOOP_ANALYSIS = YES;
				CLANG_WARN_STRICT_PROTOTYPES = YES;
				CLANG_WARN_SUSPICIOUS_MOVE = YES;
				CLANG_WARN_UNGUARDED_AVAILABILITY = YES_AGGRESSIVE;
				CLANG_WARN_UNREACHABLE_CODE = YES;
				CLANG_WARN__DUPLICATE_METHOD_MATCH = YES;
				COPY_PHASE_STRIP = NO;
				DEBUG_INFORMATION_FORMAT = "dwarf-with-dsym";
				DEVELOPMENT_TEAM = Q4PS2D52C3;
				ENABLE_NS_ASSERTIONS = NO;
				ENABLE_STRICT_OBJC_MSGSEND = YES;
				ENABLE_USER_SCRIPT_SANDBOXING = YES;
				GCC_C_LANGUAGE_STANDARD = gnu11;
				GCC_NO_COMMON_BLOCKS = YES;
				GCC_WARN_64_TO_32_BIT_CONVERSION = YES;
				GCC_WARN_ABOUT_RETURN_TYPE = YES_ERROR;
				GCC_WARN_UNDECLARED_SELECTOR = YES;
				GCC_WARN_UNINITIALIZED_AUTOS = YES_AGGRESSIVE;
				GCC_WARN_UNUSED_FUNCTION = YES;
				GCC_WARN_UNUSED_VARIABLE = YES;
				IPHONEOS_DEPLOYMENT_TARGET = 13.2;
				MTL_ENABLE_DEBUG_INFO = NO;
				MTL_FAST_MATH = YES;
				SDKROOT = iphoneos;
				STRING_CATALOG_GENERATE_SYMBOLS = YES;
				SWIFT_COMPILATION_MODE = wholemodule;
				SWIFT_OPTIMIZATION_LEVEL = "-O";
				VALIDATE_PRODUCT = YES;
			};
			name = Release;
		};
		AC564D17263631F800896E0C /* Debug */ = {
			isa = XCBuildConfiguration;
			buildSettings = {
				ASSETCATALOG_COMPILER_APPICON_NAME = AppIcon;
				ASSETCATALOG_COMPILER_GLOBAL_ACCENT_COLOR_NAME = AccentColor;
				ASSETCATALOG_COMPILER_INCLUDE_ALL_APPICON_ASSETS = YES;
				CODE_SIGN_STYLE = Automatic;
				DEVELOPMENT_ASSET_PATHS = "WC\\ Vax/Working\\ WC\\ Vax.xcworkspace";
				DEVELOPMENT_TEAM = 4FVSX749MD;
				INFOPLIST_FILE = "/Users/samoleary/Developer/TY WC/WC Vax.xcodeproj/Info 3.plist";
				IPHONEOS_DEPLOYMENT_TARGET = 13.2;
				LD_RUNPATH_SEARCH_PATHS = (
					"$(inherited)",
					"@executable_path/Frameworks",
				);
				MARKETING_VERSION = 3;
				PRODUCT_BUNDLE_IDENTIFIER = com.treydonyork.WCVax;
				PRODUCT_NAME = "$(TARGET_NAME)";
				SUPPORTED_PLATFORMS = "iphoneos iphonesimulator";
				SUPPORTS_MACCATALYST = NO;
				SUPPORTS_XR_DESIGNED_FOR_IPHONE_IPAD = NO;
				SWIFT_VERSION = 5.0;
				TARGETED_DEVICE_FAMILY = 1;
			};
			name = Debug;
		};
		AC564D18263631F800896E0C /* Release */ = {
			isa = XCBuildConfiguration;
			buildSettings = {
				ASSETCATALOG_COMPILER_APPICON_NAME = AppIcon;
				ASSETCATALOG_COMPILER_GLOBAL_ACCENT_COLOR_NAME = AccentColor;
				ASSETCATALOG_COMPILER_INCLUDE_ALL_APPICON_ASSETS = YES;
				CODE_SIGN_STYLE = Automatic;
				DEVELOPMENT_ASSET_PATHS = "WC\\ Vax/Working\\ WC\\ Vax.xcworkspace";
				DEVELOPMENT_TEAM = 4FVSX749MD;
				INFOPLIST_FILE = "/Users/samoleary/Developer/TY WC/WC Vax.xcodeproj/Info 3.plist";
				IPHONEOS_DEPLOYMENT_TARGET = 13.2;
				LD_RUNPATH_SEARCH_PATHS = (
					"$(inherited)",
					"@executable_path/Frameworks",
				);
				MARKETING_VERSION = 3;
				PRODUCT_BUNDLE_IDENTIFIER = com.treydonyork.WCVax;
				PRODUCT_NAME = "$(TARGET_NAME)";
				SUPPORTED_PLATFORMS = "iphoneos iphonesimulator";
				SUPPORTS_MACCATALYST = NO;
				SUPPORTS_XR_DESIGNED_FOR_IPHONE_IPAD = NO;
				SWIFT_VERSION = 5.0;
				TARGETED_DEVICE_FAMILY = 1;
			};
			name = Release;
		};
/* End XCBuildConfiguration section */

/* Begin XCConfigurationList section */
		AC564CFD263631F500896E0C /* Build configuration list for PBXProject "WC Vax" */ = {
			isa = XCConfigurationList;
			buildConfigurations = (
				AC564D14263631F800896E0C /* Debug */,
				AC564D15263631F800896E0C /* Release */,
			);
			defaultConfigurationIsVisible = 0;
			defaultConfigurationName = Release;
		};
		AC564D16263631F800896E0C /* Build configuration list for PBXNativeTarget "WC Vax" */ = {
			isa = XCConfigurationList;
			buildConfigurations = (
				AC564D17263631F800896E0C /* Debug */,
				AC564D18263631F800896E0C /* Release */,
			);
			defaultConfigurationIsVisible = 0;
			defaultConfigurationName = Release;
		};
/* End XCConfigurationList section */
	};
	rootObject = AC564CFA263631F500896E0C /* Project object */;
}
